hash: 61c89bf5e139212ae483ac403f3015e39dce5b914191a2c97211d3ba94bcccdc
updated: 2017-08-17T11:49:14.372407348+02:00
imports:
- name: github.com/leanovate/microtools
  version: e7b09151ef9cfe471dbf94bc048f3fcd6784fb9d
  subpackages:
  - logging
  - rest
  - routing
- name: github.com/nbutton23/zxcvbn-go
  version: a22cb81b2ecdde8b68e9ffb8824731cbf88e1de4
  subpackages:
  - adjacency
  - data
  - entropy
  - frequency
  - match
  - matching
  - scoring
  - utils/math
- name: github.com/pkg/errors
  version: 645ef00459ed84a119197bfb8d8205042c6df63d
- name: github.com/shibukawa/configdir
  version: e180dbdc8da04c4fa04272e875ce64949f38bd3e
- name: github.com/Sirupsen/logrus
  version: ba1b36c82c5e05c4f912a88eab0dcd91a171688f
- name: github.com/untoldwind/amintk
  version: 4a965408c4b6b953996bc413da5b37542d279058
  subpackages:
  - gdk
  - glib
  - gtk
- name: github.com/untoldwind/trustless
  version: 9f8aa8b1e5efa1ae09c1dd079e1ba43fb73cbe00
  subpackages:
  - api
  - config
  - daemon
  - secrets
  - secrets/generate
  - secrets/pgp
  - secrets/remote
  - store
  - store/localdir
  - store/model
- name: golang.org/x/crypto
  version: 6217826bd297ae6dcdc999a87063952c037bc67e
  repo: https://github.com/untoldwind/crypto
  subpackages:
  - cast5
  - openpgp
  - openpgp/armor
  - openpgp/elgamal
  - openpgp/errors
  - openpgp/packet
  - openpgp/s2k
  - pbkdf2
- name: golang.org/x/sys
  version: e48874b42435b4347fc52bdee0424a52abc974d7
  subpackages:
  - unix
- name: gopkg.in/natefinch/npipe.v2
  version: c1b8fa8bdccecb0b8db834ee0b92fdbcfa606dd6
- name: gopkg.in/urfave/cli.v2
  version: 50a0fdeea6330854c7b05371cce1fac8c7e636d2
- name: gopkg.in/yaml.v2
  version: a3f3340b5840cee44f372bddb5880fcbc419b46a
testImports: []
